
Microsoft Visual Studio Solution File, Format Version 12.00
# Visual Studio Version 16
VisualStudioVersion = 16.0.30523.141
MinimumVisualStudioVersion = 10.0.40219.1
Project("{FAE04EC0-301F-11D3-BF4B-00C04F79EFBC}") = "WebApplication1", "WebApplication1\WebApplication1.csproj", "{B6D60B94-911E-4513-8A64-BC1E116CD906}"
EndProject
Global
	GlobalSection(SolutionConfigurationPlatforms) = preSolution
		Debug|Any CPU = Debug|Any CPU
		Release|Any CPU = Release|Any CPU
	EndGlobalSection
	GlobalSection(ProjectConfigurationPlatforms) = postSolution
		{B6D60B94-911E-4513-8A64-BC1E116CD906}.Debug|Any CPU.ActiveCfg = Debug|Any CPU
		{B6D60B94-911E-4513-8A64-BC1E116CD906}.Debug|Any CPU.Build.0 = Debug|Any CPU
		{B6D60B94-911E-4513-8A64-BC1E116CD906}.Release|Any CPU.ActiveCfg = Release|Any CPU
		{B6D60B94-911E-4513-8A64-BC1E116CD906}.Release|Any CPU.Build.0 = Release|Any CPU
	EndGlobalSection
	GlobalSection(SolutionProperties) = preSolution
		HideSolutionNode = FALSE
	EndGlobalSection
	GlobalSection(ExtensibilityGlobals) = postSolution
		SolutionGuid = {083D86CB-7BEA-4B36-BD3A-11F189E4C13E}
	EndGlobalSection
EndGlobal
